
Microsoft Visual Studio Solution File, Format Version 12.00
# Visual Studio Version 17
VisualStudioVersion = 17.0.31903.59
MinimumVisualStudioVersion = 10.0.40219.1
Project("{FAE04EC0-301F-11D3-BF4B-00C04F79EFBC}") = "Server", "Server\Server.csproj", "{BF48E18F-195A-42F5-B2D5-9F2902644979}"
EndProject
Project("{FAE04EC0-301F-11D3-BF4B-00C04F79EFBC}") = "Client", "Client\Client.csproj", "{00FA4510-09FE-4374-970E-CEC4F92946D9}"
EndProject
Global
	GlobalSection(SolutionConfigurationPlatforms) = preSolution
		Debug|Any CPU = Debug|Any CPU
		Release|Any CPU = Release|Any CPU
	EndGlobalSection
	GlobalSection(SolutionProperties) = preSolution
		HideSolutionNode = FALSE
	EndGlobalSection
	GlobalSection(ProjectConfigurationPlatforms) = postSolution
		{BF48E18F-195A-42F5-B2D5-9F2902644979}.Debug|Any CPU.ActiveCfg = Debug|Any CPU
		{BF48E18F-195A-42F5-B2D5-9F2902644979}.Debug|Any CPU.Build.0 = Debug|Any CPU
		{BF48E18F-195A-42F5-B2D5-9F2902644979}.Release|Any CPU.ActiveCfg = Release|Any CPU
		{BF48E18F-195A-42F5-B2D5-9F2902644979}.Release|Any CPU.Build.0 = Release|Any CPU
		{00FA4510-09FE-4374-970E-CEC4F92946D9}.Debug|Any CPU.ActiveCfg = Debug|Any CPU
		{00FA4510-09FE-4374-970E-CEC4F92946D9}.Debug|Any CPU.Build.0 = Debug|Any CPU
		{00FA4510-09FE-4374-970E-CEC4F92946D9}.Release|Any CPU.ActiveCfg = Release|Any CPU
		{00FA4510-09FE-4374-970E-CEC4F92946D9}.Release|Any CPU.Build.0 = Release|Any CPU
	EndGlobalSection
EndGlobal
